
Microsoft Visual Studio Solution File, Format Version 12.00
# Visual Studio Version 16
VisualStudioVersion = 16.0.29418.71
MinimumVisualStudioVersion = 10.0.40219.1
Project("{FAE04EC0-301F-11D3-BF4B-00C04F79EFBC}") = "GroceryStoreOnlineOrdering", "GroceryStoreOnlineOrdering\GroceryStoreOnlineOrdering.csproj", "{5C4E4359-5E21-483D-A8EE-E67AD07A12DA}"
EndProject
Global
	GlobalSection(SolutionConfigurationPlatforms) = preSolution
		Debug|Any CPU = Debug|Any CPU
		Release|Any CPU = Release|Any CPU
	EndGlobalSection
	GlobalSection(ProjectConfigurationPlatforms) = postSolution
		{5C4E4359-5E21-483D-A8EE-E67AD07A12DA}.Debug|Any CPU.ActiveCfg = Debug|Any CPU
		{5C4E4359-5E21-483D-A8EE-E67AD07A12DA}.Debug|Any CPU.Build.0 = Debug|Any CPU
		{5C4E4359-5E21-483D-A8EE-E67AD07A12DA}.Release|Any CPU.ActiveCfg = Release|Any CPU
		{5C4E4359-5E21-483D-A8EE-E67AD07A12DA}.Release|Any CPU.Build.0 = Release|Any CPU
	EndGlobalSection
	GlobalSection(SolutionProperties) = preSolution
		HideSolutionNode = FALSE
	EndGlobalSection
	GlobalSection(ExtensibilityGlobals) = postSolution
		SolutionGuid = {C97BE521-23F6-4317-A689-8A6F42B3A47B}
	EndGlobalSection
EndGlobal
